
Microsoft Visual Studio Solution File, Format Version 12.00
Project("{FAE04EC0-301F-11D3-BF4B-00C04F79EFBC}") = "src", "src\src.csproj", "{6C161FE4-2C90-4591-B261-DE2DD3DBCA59}"
EndProject
Project("{FAE04EC0-301F-11D3-BF4B-00C04F79EFBC}") = "test", "test\test.csproj", "{4F4F4696-A0A1-4B20-AC85-CFECF3CC1385}"
EndProject
Global
	GlobalSection(SolutionConfigurationPlatforms) = preSolution
		Debug|Any CPU = Debug|Any CPU
		Release|Any CPU = Release|Any CPU
	EndGlobalSection
	GlobalSection(ProjectConfigurationPlatforms) = postSolution
		{6C161FE4-2C90-4591-B261-DE2DD3DBCA59}.Debug|Any CPU.ActiveCfg = Debug|Any CPU
		{6C161FE4-2C90-4591-B261-DE2DD3DBCA59}.Debug|Any CPU.Build.0 = Debug|Any CPU
		{6C161FE4-2C90-4591-B261-DE2DD3DBCA59}.Release|Any CPU.ActiveCfg = Release|Any CPU
		{6C161FE4-2C90-4591-B261-DE2DD3DBCA59}.Release|Any CPU.Build.0 = Release|Any CPU
		{4F4F4696-A0A1-4B20-AC85-CFECF3CC1385}.Debug|Any CPU.ActiveCfg = Debug|Any CPU
		{4F4F4696-A0A1-4B20-AC85-CFECF3CC1385}.Debug|Any CPU.Build.0 = Debug|Any CPU
		{4F4F4696-A0A1-4B20-AC85-CFECF3CC1385}.Release|Any CPU.ActiveCfg = Release|Any CPU
		{4F4F4696-A0A1-4B20-AC85-CFECF3CC1385}.Release|Any CPU.Build.0 = Release|Any CPU
	EndGlobalSection
EndGlobal
